
Microsoft Visual Studio Solution File, Format Version 12.00
# Visual Studio Version 16
VisualStudioVersion = 16.0.29025.244
MinimumVisualStudioVersion = 10.0.40219.1
Project("{9A19103F-16F7-4668-BE54-9A1E7A4F7556}") = "InformationPlat.Id4Server", "InformationPlat.Id4Server\InformationPlat.Id4Server.csproj", "{C5DF98D9-B3CB-4E4A-A459-843D2F8B337E}"
EndProject
Project("{9A19103F-16F7-4668-BE54-9A1E7A4F7556}") = "InformationPlat.AhphOcelot", "InformationPlat.AhphOcelot\InformationPlat.AhphOcelot.csproj", "{B9ADB67D-3787-49B3-8B50-C453A5805151}"
EndProject
Project("{FAE04EC0-301F-11D3-BF4B-00C04F79EFBC}") = "InformationPlat.Gateway", "InformationPlat.Gateway\InformationPlat.Gateway.csproj", "{B709A32F-7846-4FBC-B75A-E5731C9D292B}"
EndProject
Global
	GlobalSection(SolutionConfigurationPlatforms) = preSolution
		Debug|Any CPU = Debug|Any CPU
		Release|Any CPU = Release|Any CPU
	EndGlobalSection
	GlobalSection(ProjectConfigurationPlatforms) = postSolution
		{C5DF98D9-B3CB-4E4A-A459-843D2F8B337E}.Debug|Any CPU.ActiveCfg = Debug|Any CPU
		{C5DF98D9-B3CB-4E4A-A459-843D2F8B337E}.Debug|Any CPU.Build.0 = Debug|Any CPU
		{C5DF98D9-B3CB-4E4A-A459-843D2F8B337E}.Release|Any CPU.ActiveCfg = Release|Any CPU
		{C5DF98D9-B3CB-4E4A-A459-843D2F8B337E}.Release|Any CPU.Build.0 = Release|Any CPU
		{B9ADB67D-3787-49B3-8B50-C453A5805151}.Debug|Any CPU.ActiveCfg = Debug|Any CPU
		{B9ADB67D-3787-49B3-8B50-C453A5805151}.Debug|Any CPU.Build.0 = Debug|Any CPU
		{B9ADB67D-3787-49B3-8B50-C453A5805151}.Release|Any CPU.ActiveCfg = Release|Any CPU
		{B9ADB67D-3787-49B3-8B50-C453A5805151}.Release|Any CPU.Build.0 = Release|Any CPU
		{B709A32F-7846-4FBC-B75A-E5731C9D292B}.Debug|Any CPU.ActiveCfg = Debug|Any CPU
		{B709A32F-7846-4FBC-B75A-E5731C9D292B}.Debug|Any CPU.Build.0 = Debug|Any CPU
		{B709A32F-7846-4FBC-B75A-E5731C9D292B}.Release|Any CPU.ActiveCfg = Release|Any CPU
		{B709A32F-7846-4FBC-B75A-E5731C9D292B}.Release|Any CPU.Build.0 = Release|Any CPU
	EndGlobalSection
	GlobalSection(SolutionProperties) = preSolution
		HideSolutionNode = FALSE
	EndGlobalSection
	GlobalSection(ExtensibilityGlobals) = postSolution
		SolutionGuid = {463895F6-D5BA-49E3-AE06-276F7E60040A}
	EndGlobalSection
EndGlobal
